
Microsoft Visual Studio Solution File, Format Version 12.00
# Visual Studio Version 17
VisualStudioVersion = 17.8.34316.72
MinimumVisualStudioVersion = 10.0.40219.1
Project("{9A19103F-16F7-4668-BE54-9A1E7A4F7556}") = "Helper.Wpf", "Helper.Wpf\Helper.Wpf.csproj", "{ED64BFC6-3B6F-44E2-BB53-B4EAF88C7823}"
EndProject
Project("{9A19103F-16F7-4668-BE54-9A1E7A4F7556}") = "Helper.ServiceGateways", "Helper.ServiceGateways\Helper.ServiceGateways.csproj", "{EAB470A9-7E8E-4079-B07D-AF5EEC306205}"
EndProject
Project("{9A19103F-16F7-4668-BE54-9A1E7A4F7556}") = "Helper.Core", "Helper.Core\Helper.Core.csproj", "{5A449E32-1A91-4F5C-BD4B-89A26D030369}"
EndProject
Project("{9A19103F-16F7-4668-BE54-9A1E7A4F7556}") = "Helper.Web", "Helper.Web\Helper.Web.csproj", "{A07A5381-13CD-484A-BA35-29690CDDB813}"
EndProject
Project("{9A19103F-16F7-4668-BE54-9A1E7A4F7556}") = "Wpf.Ui.Common", "Wpf.Ui\Wpf.Ui.Common.csproj", "{59B9EA51-C2E1-4CDC-B158-3AF28DCD3D42}"
EndProject
Project("{9A19103F-16F7-4668-BE54-9A1E7A4F7556}") = "Wpf.Ui.Controls", "Wpf.Ui.Controls\Wpf.Ui.Controls.csproj", "{0C762080-6161-451F-96BB-C07DE5399437}"
EndProject
Project("{2150E333-8FDC-42A3-9474-1A3956D46DE8}") = "Sandbox", "Sandbox", "{C551CCE3-5379-4D2F-AC8C-C96E9734A494}"
EndProject
Project("{2150E333-8FDC-42A3-9474-1A3956D46DE8}") = "Common", "Common", "{7F472292-B756-46D7-8EA7-62CBCEBE1A59}"
EndProject
Global
	GlobalSection(SolutionConfigurationPlatforms) = preSolution
		Debug|Any CPU = Debug|Any CPU
		Debug|ARM64 = Debug|ARM64
		Debug|x64 = Debug|x64
		Debug|x86 = Debug|x86
		Release|Any CPU = Release|Any CPU
		Release|ARM64 = Release|ARM64
		Release|x64 = Release|x64
		Release|x86 = Release|x86
	EndGlobalSection
	GlobalSection(ProjectConfigurationPlatforms) = postSolution
		{ED64BFC6-3B6F-44E2-BB53-B4EAF88C7823}.Debug|Any CPU.ActiveCfg = Debug|Any CPU
		{ED64BFC6-3B6F-44E2-BB53-B4EAF88C7823}.Debug|Any CPU.Build.0 = Debug|Any CPU
		{ED64BFC6-3B6F-44E2-BB53-B4EAF88C7823}.Debug|ARM64.ActiveCfg = Debug|Any CPU
		{ED64BFC6-3B6F-44E2-BB53-B4EAF88C7823}.Debug|ARM64.Build.0 = Debug|Any CPU
		{ED64BFC6-3B6F-44E2-BB53-B4EAF88C7823}.Debug|x64.ActiveCfg = Debug|Any CPU
		{ED64BFC6-3B6F-44E2-BB53-B4EAF88C7823}.Debug|x64.Build.0 = Debug|Any CPU
		{ED64BFC6-3B6F-44E2-BB53-B4EAF88C7823}.Debug|x86.ActiveCfg = Debug|Any CPU
		{ED64BFC6-3B6F-44E2-BB53-B4EAF88C7823}.Debug|x86.Build.0 = Debug|Any CPU
		{ED64BFC6-3B6F-44E2-BB53-B4EAF88C7823}.Release|Any CPU.ActiveCfg = Release|Any CPU
		{ED64BFC6-3B6F-44E2-BB53-B4EAF88C7823}.Release|Any CPU.Build.0 = Release|Any CPU
		{ED64BFC6-3B6F-44E2-BB53-B4EAF88C7823}.Release|ARM64.ActiveCfg = Release|Any CPU
		{ED64BFC6-3B6F-44E2-BB53-B4EAF88C7823}.Release|ARM64.Build.0 = Release|Any CPU
		{ED64BFC6-3B6F-44E2-BB53-B4EAF88C7823}.Release|x64.ActiveCfg = Release|Any CPU
		{ED64BFC6-3B6F-44E2-BB53-B4EAF88C7823}.Release|x64.Build.0 = Release|Any CPU
		{ED64BFC6-3B6F-44E2-BB53-B4EAF88C7823}.Release|x86.ActiveCfg = Release|Any CPU
		{ED64BFC6-3B6F-44E2-BB53-B4EAF88C7823}.Release|x86.Build.0 = Release|Any CPU
		{EAB470A9-7E8E-4079-B07D-AF5EEC306205}.Debug|Any CPU.ActiveCfg = Debug|Any CPU
		{EAB470A9-7E8E-4079-B07D-AF5EEC306205}.Debug|Any CPU.Build.0 = Debug|Any CPU
		{EAB470A9-7E8E-4079-B07D-AF5EEC306205}.Debug|ARM64.ActiveCfg = Debug|Any CPU
		{EAB470A9-7E8E-4079-B07D-AF5EEC306205}.Debug|ARM64.Build.0 = Debug|Any CPU
		{EAB470A9-7E8E-4079-B07D-AF5EEC306205}.Debug|x64.ActiveCfg = Debug|Any CPU
		{EAB470A9-7E8E-4079-B07D-AF5EEC306205}.Debug|x64.Build.0 = Debug|Any CPU
		{EAB470A9-7E8E-4079-B07D-AF5EEC306205}.Debug|x86.ActiveCfg = Debug|Any CPU
		{EAB470A9-7E8E-4079-B07D-AF5EEC306205}.Debug|x86.Build.0 = Debug|Any CPU
		{EAB470A9-7E8E-4079-B07D-AF5EEC306205}.Release|Any CPU.ActiveCfg = Release|Any CPU
		{EAB470A9-7E8E-4079-B07D-AF5EEC306205}.Release|Any CPU.Build.0 = Release|Any CPU
		{EAB470A9-7E8E-4079-B07D-AF5EEC306205}.Release|ARM64.ActiveCfg = Release|Any CPU
		{EAB470A9-7E8E-4079-B07D-AF5EEC306205}.Release|ARM64.Build.0 = Release|Any CPU
		{EAB470A9-7E8E-4079-B07D-AF5EEC306205}.Release|x64.ActiveCfg = Release|Any CPU
		{EAB470A9-7E8E-4079-B07D-AF5EEC306205}.Release|x64.Build.0 = Release|Any CPU
		{EAB470A9-7E8E-4079-B07D-AF5EEC306205}.Release|x86.ActiveCfg = Release|Any CPU
		{EAB470A9-7E8E-4079-B07D-AF5EEC306205}.Release|x86.Build.0 = Release|Any CPU
		{5A449E32-1A91-4F5C-BD4B-89A26D030369}.Debug|Any CPU.ActiveCfg = Debug|Any CPU
		{5A449E32-1A91-4F5C-BD4B-89A26D030369}.Debug|Any CPU.Build.0 = Debug|Any CPU
		{5A449E32-1A91-4F5C-BD4B-89A26D030369}.Debug|ARM64.ActiveCfg = Debug|Any CPU
		{5A449E32-1A91-4F5C-BD4B-89A26D030369}.Debug|ARM64.Build.0 = Debug|Any CPU
		{5A449E32-1A91-4F5C-BD4B-89A26D030369}.Debug|x64.ActiveCfg = Debug|Any CPU
		{5A449E32-1A91-4F5C-BD4B-89A26D030369}.Debug|x64.Build.0 = Debug|Any CPU
		{5A449E32-1A91-4F5C-BD4B-89A26D030369}.Debug|x86.ActiveCfg = Debug|Any CPU
		{5A449E32-1A91-4F5C-BD4B-89A26D030369}.Debug|x86.Build.0 = Debug|Any CPU
		{5A449E32-1A91-4F5C-BD4B-89A26D030369}.Release|Any CPU.ActiveCfg = Release|Any CPU
		{5A449E32-1A91-4F5C-BD4B-89A26D030369}.Release|Any CPU.Build.0 = Release|Any CPU
		{5A449E32-1A91-4F5C-BD4B-89A26D030369}.Release|ARM64.ActiveCfg = Release|Any CPU
		{5A449E32-1A91-4F5C-BD4B-89A26D030369}.Release|ARM64.Build.0 = Release|Any CPU
		{5A449E32-1A91-4F5C-BD4B-89A26D030369}.Release|x64.ActiveCfg = Release|Any CPU
		{5A449E32-1A91-4F5C-BD4B-89A26D030369}.Release|x64.Build.0 = Release|Any CPU
		{5A449E32-1A91-4F5C-BD4B-89A26D030369}.Release|x86.ActiveCfg = Release|Any CPU
		{5A449E32-1A91-4F5C-BD4B-89A26D030369}.Release|x86.Build.0 = Release|Any CPU
		{A07A5381-13CD-484A-BA35-29690CDDB813}.Debug|Any CPU.ActiveCfg = Debug|Any CPU
		{A07A5381-13CD-484A-BA35-29690CDDB813}.Debug|Any CPU.Build.0 = Debug|Any CPU
		{A07A5381-13CD-484A-BA35-29690CDDB813}.Debug|ARM64.ActiveCfg = Debug|Any CPU
		{A07A5381-13CD-484A-BA35-29690CDDB813}.Debug|ARM64.Build.0 = Debug|Any CPU
		{A07A5381-13CD-484A-BA35-29690CDDB813}.Debug|x64.ActiveCfg = Debug|Any CPU
		{A07A5381-13CD-484A-BA35-29690CDDB813}.Debug|x64.Build.0 = Debug|Any CPU
		{A07A5381-13CD-484A-BA35-29690CDDB813}.Debug|x86.ActiveCfg = Debug|Any CPU
		{A07A5381-13CD-484A-BA35-29690CDDB813}.Debug|x86.Build.0 = Debug|Any CPU
		{A07A5381-13CD-484A-BA35-29690CDDB813}.Release|Any CPU.ActiveCfg = Release|Any CPU
		{A07A5381-13CD-484A-BA35-29690CDDB813}.Release|Any CPU.Build.0 = Release|Any CPU
		{A07A5381-13CD-484A-BA35-29690CDDB813}.Release|ARM64.ActiveCfg = Release|Any CPU
		{A07A5381-13CD-484A-BA35-29690CDDB813}.Release|ARM64.Build.0 = Release|Any CPU
		{A07A5381-13CD-484A-BA35-29690CDDB813}.Release|x64.ActiveCfg = Release|Any CPU
		{A07A5381-13CD-484A-BA35-29690CDDB813}.Release|x64.Build.0 = Release|Any CPU
		{A07A5381-13CD-484A-BA35-29690CDDB813}.Release|x86.ActiveCfg = Release|Any CPU
		{A07A5381-13CD-484A-BA35-29690CDDB813}.Release|x86.Build.0 = Release|Any CPU
		{59B9EA51-C2E1-4CDC-B158-3AF28DCD3D42}.Debug|Any CPU.ActiveCfg = Debug|Any CPU
		{59B9EA51-C2E1-4CDC-B158-3AF28DCD3D42}.Debug|Any CPU.Build.0 = Debug|Any CPU
		{59B9EA51-C2E1-4CDC-B158-3AF28DCD3D42}.Debug|ARM64.ActiveCfg = Debug|Any CPU
		{59B9EA51-C2E1-4CDC-B158-3AF28DCD3D42}.Debug|ARM64.Build.0 = Debug|Any CPU
		{59B9EA51-C2E1-4CDC-B158-3AF28DCD3D42}.Debug|x64.ActiveCfg = Debug|Any CPU
		{59B9EA51-C2E1-4CDC-B158-3AF28DCD3D42}.Debug|x64.Build.0 = Debug|Any CPU
		{59B9EA51-C2E1-4CDC-B158-3AF28DCD3D42}.Debug|x86.ActiveCfg = Debug|Any CPU
		{59B9EA51-C2E1-4CDC-B158-3AF28DCD3D42}.Debug|x86.Build.0 = Debug|Any CPU
		{59B9EA51-C2E1-4CDC-B158-3AF28DCD3D42}.Release|Any CPU.ActiveCfg = Release|Any CPU
		{59B9EA51-C2E1-4CDC-B158-3AF28DCD3D42}.Release|Any CPU.Build.0 = Release|Any CPU
		{59B9EA51-C2E1-4CDC-B158-3AF28DCD3D42}.Release|ARM64.ActiveCfg = Release|Any CPU
		{59B9EA51-C2E1-4CDC-B158-3AF28DCD3D42}.Release|ARM64.Build.0 = Release|Any CPU
		{59B9EA51-C2E1-4CDC-B158-3AF28DCD3D42}.Release|x64.ActiveCfg = Release|Any CPU
		{59B9EA51-C2E1-4CDC-B158-3AF28DCD3D42}.Release|x64.Build.0 = Release|Any CPU
		{59B9EA51-C2E1-4CDC-B158-3AF28DCD3D42}.Release|x86.ActiveCfg = Release|Any CPU
		{59B9EA51-C2E1-4CDC-B158-3AF28DCD3D42}.Release|x86.Build.0 = Release|Any CPU
		{0C762080-6161-451F-96BB-C07DE5399437}.Debug|Any CPU.ActiveCfg = Debug|Any CPU
		{0C762080-6161-451F-96BB-C07DE5399437}.Debug|Any CPU.Build.0 = Debug|Any CPU
		{0C762080-6161-451F-96BB-C07DE5399437}.Debug|ARM64.ActiveCfg = Debug|Any CPU
		{0C762080-6161-451F-96BB-C07DE5399437}.Debug|ARM64.Build.0 = Debug|Any CPU
		{0C762080-6161-451F-96BB-C07DE5399437}.Debug|x64.ActiveCfg = Debug|Any CPU
		{0C762080-6161-451F-96BB-C07DE5399437}.Debug|x64.Build.0 = Debug|Any CPU
		{0C762080-6161-451F-96BB-C07DE5399437}.Debug|x86.ActiveCfg = Debug|Any CPU
		{0C762080-6161-451F-96BB-C07DE5399437}.Debug|x86.Build.0 = Debug|Any CPU
		{0C762080-6161-451F-96BB-C07DE5399437}.Release|Any CPU.ActiveCfg = Release|Any CPU
		{0C762080-6161-451F-96BB-C07DE5399437}.Release|Any CPU.Build.0 = Release|Any CPU
		{0C762080-6161-451F-96BB-C07DE5399437}.Release|ARM64.ActiveCfg = Release|Any CPU
		{0C762080-6161-451F-96BB-C07DE5399437}.Release|ARM64.Build.0 = Release|Any CPU
		{0C762080-6161-451F-96BB-C07DE5399437}.Release|x64.ActiveCfg = Release|Any CPU
		{0C762080-6161-451F-96BB-C07DE5399437}.Release|x64.Build.0 = Release|Any CPU
		{0C762080-6161-451F-96BB-C07DE5399437}.Release|x86.ActiveCfg = Release|Any CPU
		{0C762080-6161-451F-96BB-C07DE5399437}.Release|x86.Build.0 = Release|Any CPU
	EndGlobalSection
	GlobalSection(SolutionProperties) = preSolution
		HideSolutionNode = FALSE
	EndGlobalSection
	GlobalSection(NestedProjects) = preSolution
		{59B9EA51-C2E1-4CDC-B158-3AF28DCD3D42} = {7F472292-B756-46D7-8EA7-62CBCEBE1A59}
		{0C762080-6161-451F-96BB-C07DE5399437} = {7F472292-B756-46D7-8EA7-62CBCEBE1A59}
	EndGlobalSection
	GlobalSection(ExtensibilityGlobals) = postSolution
		SolutionGuid = {17D86336-5B80-47B5-86B0-6D12CEB9E397}
	EndGlobalSection
EndGlobal
